
Microsoft Visual Studio Solution File, Format Version 12.00
# Visual Studio Version 16
VisualStudioVersion = 16.0.29613.14
MinimumVisualStudioVersion = 10.0.40219.1
Project("{FAE04EC0-301F-11D3-BF4B-00C04F79EFBC}") = "FizzBuzz", "FizzBuzz\FizzBuzz.csproj", "{973B21DD-D3FF-4108-B8F1-F038B1FE4F02}"
EndProject
Global
	GlobalSection(SolutionConfigurationPlatforms) = preSolution
		Debug|Any CPU = Debug|Any CPU
		Release|Any CPU = Release|Any CPU
	EndGlobalSection
	GlobalSection(ProjectConfigurationPlatforms) = postSolution
		{973B21DD-D3FF-4108-B8F1-F038B1FE4F02}.Debug|Any CPU.ActiveCfg = Debug|Any CPU
		{973B21DD-D3FF-4108-B8F1-F038B1FE4F02}.Debug|Any CPU.Build.0 = Debug|Any CPU
		{973B21DD-D3FF-4108-B8F1-F038B1FE4F02}.Release|Any CPU.ActiveCfg = Release|Any CPU
		{973B21DD-D3FF-4108-B8F1-F038B1FE4F02}.Release|Any CPU.Build.0 = Release|Any CPU
	EndGlobalSection
	GlobalSection(SolutionProperties) = preSolution
		HideSolutionNode = FALSE
	EndGlobalSection
	GlobalSection(ExtensibilityGlobals) = postSolution
		SolutionGuid = {C7DA902E-D0BD-4908-8BE5-224C334E177F}
	EndGlobalSection
EndGlobal
